
Microsoft Visual Studio Solution File, Format Version 12.00
# Visual Studio Version 17
VisualStudioVersion = 17.0.31903.59
MinimumVisualStudioVersion = 10.0.40219.1
Project("{FAE04EC0-301F-11D3-BF4B-00C04F79EFBC}") = "API", "API\API.csproj", "{4B8A780B-6A19-4D4A-9342-6EF50F04802E}"
EndProject
Project("{FAE04EC0-301F-11D3-BF4B-00C04F79EFBC}") = "Core", "Core\Core.csproj", "{4FA4A3D8-5BCE-45FD-A668-92B6A3468879}"
EndProject
Project("{FAE04EC0-301F-11D3-BF4B-00C04F79EFBC}") = "Infrastructure", "Infrastructure\Infrastructure.csproj", "{397510B1-509E-4478-9639-3B3612F49F2F}"
EndProject
Global
	GlobalSection(SolutionConfigurationPlatforms) = preSolution
		Debug|Any CPU = Debug|Any CPU
		Release|Any CPU = Release|Any CPU
	EndGlobalSection
	GlobalSection(SolutionProperties) = preSolution
		HideSolutionNode = FALSE
	EndGlobalSection
	GlobalSection(ProjectConfigurationPlatforms) = postSolution
		{4B8A780B-6A19-4D4A-9342-6EF50F04802E}.Debug|Any CPU.ActiveCfg = Debug|Any CPU
		{4B8A780B-6A19-4D4A-9342-6EF50F04802E}.Debug|Any CPU.Build.0 = Debug|Any CPU
		{4B8A780B-6A19-4D4A-9342-6EF50F04802E}.Release|Any CPU.ActiveCfg = Release|Any CPU
		{4B8A780B-6A19-4D4A-9342-6EF50F04802E}.Release|Any CPU.Build.0 = Release|Any CPU
		{4FA4A3D8-5BCE-45FD-A668-92B6A3468879}.Debug|Any CPU.ActiveCfg = Debug|Any CPU
		{4FA4A3D8-5BCE-45FD-A668-92B6A3468879}.Debug|Any CPU.Build.0 = Debug|Any CPU
		{4FA4A3D8-5BCE-45FD-A668-92B6A3468879}.Release|Any CPU.ActiveCfg = Release|Any CPU
		{4FA4A3D8-5BCE-45FD-A668-92B6A3468879}.Release|Any CPU.Build.0 = Release|Any CPU
		{397510B1-509E-4478-9639-3B3612F49F2F}.Debug|Any CPU.ActiveCfg = Debug|Any CPU
		{397510B1-509E-4478-9639-3B3612F49F2F}.Debug|Any CPU.Build.0 = Debug|Any CPU
		{397510B1-509E-4478-9639-3B3612F49F2F}.Release|Any CPU.ActiveCfg = Release|Any CPU
		{397510B1-509E-4478-9639-3B3612F49F2F}.Release|Any CPU.Build.0 = Release|Any CPU
	EndGlobalSection
EndGlobal
